
Microsoft Visual Studio Solution File, Format Version 12.00
# Visual Studio 14
VisualStudioVersion = 14.0.25123.0
MinimumVisualStudioVersion = 10.0.40219.1
Project("{FAE04EC0-301F-11D3-BF4B-00C04F79EFBC}") = "MultipleFtpSitePublisher", "MultipleFtpSitePublisher\MultipleFtpSitePublisher.csproj", "{7019626B-478F-4918-9D24-3318C37EEEFC}"
EndProject
Project("{FAE04EC0-301F-11D3-BF4B-00C04F79EFBC}") = "MultipleFtpSitePublisher.Tests", "MultipleFtpSitePublisher.Tests\MultipleFtpSitePublisher.Tests.csproj", "{778CB5D6-DD75-4593-A61A-3A573718D995}"
EndProject
Global
	GlobalSection(SolutionConfigurationPlatforms) = preSolution
		Debug|Any CPU = Debug|Any CPU
		Release|Any CPU = Release|Any CPU
	EndGlobalSection
	GlobalSection(ProjectConfigurationPlatforms) = postSolution
		{7019626B-478F-4918-9D24-3318C37EEEFC}.Debug|Any CPU.ActiveCfg = Debug|Any CPU
		{7019626B-478F-4918-9D24-3318C37EEEFC}.Debug|Any CPU.Build.0 = Debug|Any CPU
		{7019626B-478F-4918-9D24-3318C37EEEFC}.Release|Any CPU.ActiveCfg = Release|Any CPU
		{7019626B-478F-4918-9D24-3318C37EEEFC}.Release|Any CPU.Build.0 = Release|Any CPU
		{778CB5D6-DD75-4593-A61A-3A573718D995}.Debug|Any CPU.ActiveCfg = Debug|Any CPU
		{778CB5D6-DD75-4593-A61A-3A573718D995}.Debug|Any CPU.Build.0 = Debug|Any CPU
		{778CB5D6-DD75-4593-A61A-3A573718D995}.Release|Any CPU.ActiveCfg = Release|Any CPU
		{778CB5D6-DD75-4593-A61A-3A573718D995}.Release|Any CPU.Build.0 = Release|Any CPU
	EndGlobalSection
	GlobalSection(SolutionProperties) = preSolution
		HideSolutionNode = FALSE
	EndGlobalSection
EndGlobal
